// !$*UTF8*$!
{
	archiveVersion = 1;
	classes = {
	};
	objectVersion = 55;
	objects = {

/* Begin PBXBuildFile section */
		F747D50228C9C38300ED9AAF /* AuthenticationFormView.swift in Sources */ = {isa = PBXBuildFile; fileRef = F747D50128C9C38300ED9AAF /* AuthenticationFormView.swift */; };
		F747D50528C9D3E800ED9AAF /* AuthenticationState.swift in Sources */ = {isa = PBXBuildFile; fileRef = F747D50428C9D3E800ED9AAF /* AuthenticationState.swift */; };
		F7BF8FF228C9A0BD0031A324 /* AuthenticationApp.swift in Sources */ = {isa = PBXBuildFile; fileRef = F7BF8FF128C9A0BD0031A324 /* AuthenticationApp.swift */; };
		F7BF8FF428C9A0BD0031A324 /* ContentView.swift in Sources */ = {isa = PBXBuildFile; fileRef = F7BF8FF328C9A0BD0031A324 /* ContentView.swift */; };
		F7BF8FF628C9A0C00031A324 /* Assets.xcassets in Resources */ = {isa = PBXBuildFile; fileRef = F7BF8FF528C9A0C00031A324 /* Assets.xcassets */; };
		F7BF8FF928C9A0C00031A324 /* Preview Assets.xcassets in Resources */ = {isa = PBXBuildFile; fileRef = F7BF8FF828C9A0C00031A324 /* Preview Assets.xcassets */; };
		F7BF900028C9A54B0031A324 /* GoogleService-Info.plist in Resources */ = {isa = PBXBuildFile; fileRef = F7BF8FFF28C9A54B0031A324 /* GoogleService-Info.plist */; };
		F7BF900328C9A8F00031A324 /* FirebaseAnalytics in Frameworks */ = {isa = PBXBuildFile; productRef = F7BF900228C9A8F00031A324 /* FirebaseAnalytics */; };
		F7BF900528C9A8F00031A324 /* FirebaseAuth in Frameworks */ = {isa = PBXBuildFile; productRef = F7BF900428C9A8F00031A324 /* FirebaseAuth */; };
		F7BF900728C9A8F00031A324 /* FirebaseDatabase in Frameworks */ = {isa = PBXBuildFile; productRef = F7BF900628C9A8F00031A324 /* FirebaseDatabase */; };
		F7BF900928C9A8F00031A324 /* FirebaseStorage in Frameworks */ = {isa = PBXBuildFile; productRef = F7BF900828C9A8F00031A324 /* FirebaseStorage */; };
		F7FFFA7128CB30B000E57465 /* ProgressView.swift in Sources */ = {isa = PBXBuildFile; fileRef = F7FFFA7028CB30B000E57465 /* ProgressView.swift */; };
		F7FFFA7328CB336700E57465 /* SignUpView.swift in Sources */ = {isa = PBXBuildFile; fileRef = F7FFFA7228CB336700E57465 /* SignUpView.swift */; };
		F7FFFA7528CB3E1F00E57465 /* HomeView.swift in Sources */ = {isa = PBXBuildFile; fileRef = F7FFFA7428CB3E1F00E57465 /* HomeView.swift */; };
/* End PBXBuildFile section */

/* Begin PBXFileReference section */
		F747D50128C9C38300ED9AAF /* AuthenticationFormView.swift */ = {isa = PBXFileReference; lastKnownFileType = sourcecode.swift; path = AuthenticationFormView.swift; sourceTree = "<group>"; };
		F747D50428C9D3E800ED9AAF /* AuthenticationState.swift */ = {isa = PBXFileReference; lastKnownFileType = sourcecode.swift; path = AuthenticationState.swift; sourceTree = "<group>"; };
		F7BF8FEE28C9A0BD0031A324 /* Authentication.app */ = {isa = PBXFileReference; explicitFileType = wrapper.application; includeInIndex = 0; path = Authentication.app; sourceTree = BUILT_PRODUCTS_DIR; };
		F7BF8FF128C9A0BD0031A324 /* AuthenticationApp.swift */ = {isa = PBXFileReference; lastKnownFileType = sourcecode.swift; path = AuthenticationApp.swift; sourceTree = "<group>"; };
		F7BF8FF328C9A0BD0031A324 /* ContentView.swift */ = {isa = PBXFileReference; lastKnownFileType = sourcecode.swift; path = ContentView.swift; sourceTree = "<group>"; };
		F7BF8FF528C9A0C00031A324 /* Assets.xcassets */ = {isa = PBXFileReference; lastKnownFileType = folder.assetcatalog; path = Assets.xcassets; sourceTree = "<group>"; };
		F7BF8FF828C9A0C00031A324 /* Preview Assets.xcassets */ = {isa = PBXFileReference; lastKnownFileType = folder.assetcatalog; path = "Preview Assets.xcassets"; sourceTree = "<group>"; };
		F7BF8FFF28C9A54B0031A324 /* GoogleService-Info.plist */ = {isa = PBXFileReference; fileEncoding = 4; lastKnownFileType = text.plist.xml; path = "GoogleService-Info.plist"; sourceTree = "<group>"; };
		F7FFFA7028CB30B000E57465 /* ProgressView.swift */ = {isa = PBXFileReference; lastKnownFileType = sourcecode.swift; path = ProgressView.swift; sourceTree = "<group>"; };
		F7FFFA7228CB336700E57465 /* SignUpView.swift */ = {isa = PBXFileReference; lastKnownFileType = sourcecode.swift; path = SignUpView.swift; sourceTree = "<group>"; };
		F7FFFA7428CB3E1F00E57465 /* HomeView.swift */ = {isa = PBXFileReference; lastKnownFileType = sourcecode.swift; path = HomeView.swift; sourceTree = "<group>"; };
/* End PBXFileReference section */

/* Begin PBXFrameworksBuildPhase section */
		F7BF8FEB28C9A0BD0031A324 /* Frameworks */ = {
			isa = PBXFrameworksBuildPhase;
			buildActionMask = 2147483647;
			files = (
				F7BF900728C9A8F00031A324 /* FirebaseDatabase in Frameworks */,
				F7BF900928C9A8F00031A324 /* FirebaseStorage in Frameworks */,
				F7BF900328C9A8F00031A324 /* FirebaseAnalytics in Frameworks */,
				F7BF900528C9A8F00031A324 /* FirebaseAuth in Frameworks */,
			);
			runOnlyForDeploymentPostprocessing = 0;
		};
/* End PBXFrameworksBuildPhase section */

/* Begin PBXGroup section */
		F747D50028C9C27400ED9AAF /* View */ = {
			isa = PBXGroup;
			children = (
				F7BF8FF328C9A0BD0031A324 /* ContentView.swift */,
				F747D50128C9C38300ED9AAF /* AuthenticationFormView.swift */,
				F7FFFA7028CB30B000E57465 /* ProgressView.swift */,
				F7FFFA7228CB336700E57465 /* SignUpView.swift */,
				F7FFFA7428CB3E1F00E57465 /* HomeView.swift */,
			);
			path = View;
			sourceTree = "<group>";
		};
		F747D50328C9D36E00ED9AAF /* Model */ = {
			isa = PBXGroup;
			children = (
				F747D50428C9D3E800ED9AAF /* AuthenticationState.swift */,
			);
			path = Model;
			sourceTree = "<group>";
		};
		F7BF8FE528C9A0BD0031A324 = {
			isa = PBXGroup;
			children = (
				F7BF8FF028C9A0BD0031A324 /* Authentication */,
				F7BF8FEF28C9A0BD0031A324 /* Products */,
			);
			sourceTree = "<group>";
		};
		F7BF8FEF28C9A0BD0031A324 /* Products */ = {
			isa = PBXGroup;
			children = (
				F7BF8FEE28C9A0BD0031A324 /* Authentication.app */,
			);
			name = Products;
			sourceTree = "<group>";
		};
		F7BF8FF028C9A0BD0031A324 /* Authentication */ = {
			isa = PBXGroup;
			children = (
				F747D50328C9D36E00ED9AAF /* Model */,
				F747D50028C9C27400ED9AAF /* View */,
				F7BF8FFF28C9A54B0031A324 /* GoogleService-Info.plist */,
				F7BF8FF128C9A0BD0031A324 /* AuthenticationApp.swift */,
				F7BF8FF528C9A0C00031A324 /* Assets.xcassets */,
				F7BF8FF728C9A0C00031A324 /* Preview Content */,
			);
			path = Authentication;
			sourceTree = "<group>";
		};
		F7BF8FF728C9A0C00031A324 /* Preview Content */ = {
			isa = PBXGroup;
			children = (
				F7BF8FF828C9A0C00031A324 /* Preview Assets.xcassets */,
			);
			path = "Preview Content";
			sourceTree = "<group>";
		};
/* End PBXGroup section */

/* Begin PBXNativeTarget section */
		F7BF8FED28C9A0BD0031A324 /* Authentication */ = {
			isa = PBXNativeTarget;
			buildConfigurationList = F7BF8FFC28C9A0C00031A324 /* Build configuration list for PBXNativeTarget "Authentication" */;
			buildPhases = (
				F7BF8FEA28C9A0BD0031A324 /* Sources */,
				F7BF8FEB28C9A0BD0031A324 /* Frameworks */,
				F7BF8FEC28C9A0BD0031A324 /* Resources */,
			);
			buildRules = (
			);
			dependencies = (
			);
			name = Authentication;
			packageProductDependencies = (
				F7BF900228C9A8F00031A324 /* FirebaseAnalytics */,
				F7BF900428C9A8F00031A324 /* FirebaseAuth */,
				F7BF900628C9A8F00031A324 /* FirebaseDatabase */,
				F7BF900828C9A8F00031A324 /* FirebaseStorage */,
			);
			productName = Authentication;
			productReference = F7BF8FEE28C9A0BD0031A324 /* Authentication.app */;
			productType = "com.apple.product-type.application";
		};
/* End PBXNativeTarget section */

/* Begin PBXProject section */
		F7BF8FE628C9A0BD0031A324 /* Project object */ = {
			isa = PBXProject;
			attributes = {
				BuildIndependentTargetsInParallel = 1;
				LastSwiftUpdateCheck = 1340;
				LastUpgradeCheck = 1340;
				TargetAttributes = {
					F7BF8FED28C9A0BD0031A324 = {
						CreatedOnToolsVersion = 13.4.1;
					};
				};
			};
			buildConfigurationList = F7BF8FE928C9A0BD0031A324 /* Build configuration list for PBXProject "Authentication" */;
			compatibilityVersion = "Xcode 13.0";
			developmentRegion = en;
			hasScannedForEncodings = 0;
			knownRegions = (
				en,
				Base,
			);
			mainGroup = F7BF8FE528C9A0BD0031A324;
			packageReferences = (
				F7BF900128C9A8EF0031A324 /* XCRemoteSwiftPackageReference "firebase-ios-sdk" */,
			);
			productRefGroup = F7BF8FEF28C9A0BD0031A324 /* Products */;
			projectDirPath = "";
			projectRoot = "";
			targets = (
				F7BF8FED28C9A0BD0031A324 /* Authentication */,
			);
		};
/* End PBXProject section */

/* Begin PBXResourcesBuildPhase section */
		F7BF8FEC28C9A0BD0031A324 /* Resources */ = {
			isa = PBXResourcesBuildPhase;
			buildActionMask = 2147483647;
			files = (
				F7BF8FF928C9A0C00031A324 /* Preview Assets.xcassets in Resources */,
				F7BF8FF628C9A0C00031A324 /* Assets.xcassets in Resources */,
				F7BF900028C9A54B0031A324 /* GoogleService-Info.plist in Resources */,
			);
			runOnlyForDeploymentPostprocessing = 0;
		};
/* End PBXResourcesBuildPhase section */

/* Begin PBXSourcesBuildPhase section */
		F7BF8FEA28C9A0BD0031A324 /* Sources */ = {
			isa = PBXSourcesBuildPhase;
			buildActionMask = 2147483647;
			files = (
				F747D50228C9C38300ED9AAF /* AuthenticationFormView.swift in Sources */,
				F7FFFA7528CB3E1F00E57465 /* HomeView.swift in Sources */,
				F747D50528C9D3E800ED9AAF /* AuthenticationState.swift in Sources */,
				F7FFFA7128CB30B000E57465 /* ProgressView.swift in Sources */,
				F7BF8FF428C9A0BD0031A324 /* ContentView.swift in Sources */,
				F7FFFA7328CB336700E57465 /* SignUpView.swift in Sources */,
				F7BF8FF228C9A0BD0031A324 /* AuthenticationApp.swift in Sources */,
			);
			runOnlyForDeploymentPostprocessing = 0;
		};
/* End PBXSourcesBuildPhase section */

/* Begin XCBuildConfiguration section */
		F7BF8FFA28C9A0C00031A324 /* Debug */ = {
			isa = XCBuildConfiguration;
			buildSettings = {
				ALWAYS_SEARCH_USER_PATHS = NO;
				CLANG_ANALYZER_NONNULL = YES;
				CLANG_ANALYZER_NUMBER_OBJECT_CONVERSION = YES_AGGRESSIVE;
				CLANG_CXX_LANGUAGE_STANDARD = "gnu++17";
				CLANG_ENABLE_MODULES = YES;
				CLANG_ENABLE_OBJC_ARC = YES;
				CLANG_ENABLE_OBJC_WEAK = YES;
				CLANG_WARN_BLOCK_CAPTURE_AUTORELEASING = YES;
				CLANG_WARN_BOOL_CONVERSION = YES;
				CLANG_WARN_COMMA = YES;
				CLANG_WARN_CONSTANT_CONVERSION = YES;
				CLANG_WARN_DEPRECATED_OBJC_IMPLEMENTATIONS = YES;
				CLANG_WARN_DIRECT_OBJC_ISA_USAGE = YES_ERROR;
				CLANG_WARN_DOCUMENTATION_COMMENTS = YES;
				CLANG_WARN_EMPTY_BODY = YES;
				CLANG_WARN_ENUM_CONVERSION = YES;
				CLANG_WARN_INFINITE_RECURSION = YES;
				CLANG_WARN_INT_CONVERSION = YES;
				CLANG_WARN_NON_LITERAL_NULL_CONVERSION = YES;
				CLANG_WARN_OBJC_IMPLICIT_RETAIN_SELF = YES;
				CLANG_WARN_OBJC_LITERAL_CONVERSION = YES;
				CLANG_WARN_OBJC_ROOT_CLASS = YES_ERROR;
				CLANG_WARN_QUOTED_INCLUDE_IN_FRAMEWORK_HEADER = YES;
				CLANG_WARN_RANGE_LOOP_ANALYSIS = YES;
				CLANG_WARN_STRICT_PROTOTYPES = YES;
				CLANG_WARN_SUSPICIOUS_MOVE = YES;
				CLANG_WARN_UNGUARDED_AVAILABILITY = YES_AGGRESSIVE;
				CLANG_WARN_UNREACHABLE_CODE = YES;
				CLANG_WARN__DUPLICATE_METHOD_MATCH = YES;
				COPY_PHASE_STRIP = NO;
				DEBUG_INFORMATION_FORMAT = dwarf;
				ENABLE_STRICT_OBJC_MSGSEND = YES;
				ENABLE_TESTABILITY = YES;
				GCC_C_LANGUAGE_STANDARD = gnu11;
				GCC_DYNAMIC_NO_PIC = NO;
				GCC_NO_COMMON_BLOCKS = YES;
				GCC_OPTIMIZATION_LEVEL = 0;
				GCC_PREPROCESSOR_DEFINITIONS = (
					"DEBUG=1",
					"$(inherited)",
				);
				GCC_WARN_64_TO_32_BIT_CONVERSION = YES;
				GCC_WARN_ABOUT_RETURN_TYPE = YES_ERROR;
				GCC_WARN_UNDECLARED_SELECTOR = YES;
				GCC_WARN_UNINITIALIZED_AUTOS = YES_AGGRESSIVE;
				GCC_WARN_UNUSED_FUNCTION = YES;
				GCC_WARN_UNUSED_VARIABLE = YES;
				IPHONEOS_DEPLOYMENT_TARGET = 15.5;
				MTL_ENABLE_DEBUG_INFO = INCLUDE_SOURCE;
				MTL_FAST_MATH = YES;
				ONLY_ACTIVE_ARCH = YES;
				SDKROOT = iphoneos;
				SWIFT_ACTIVE_COMPILATION_CONDITIONS = DEBUG;
				SWIFT_OPTIMIZATION_LEVEL = "-Onone";
			};
			name = Debug;
		};
		F7BF8FFB28C9A0C00031A324 /* Release */ = {
			isa = XCBuildConfiguration;
			buildSettings = {
				ALWAYS_SEARCH_USER_PATHS = NO;
				CLANG_ANALYZER_NONNULL = YES;
				CLANG_ANALYZER_NUMBER_OBJECT_CONVERSION = YES_AGGRESSIVE;
				CLANG_CXX_LANGUAGE_STANDARD = "gnu++17";
				CLANG_ENABLE_MODULES = YES;
				CLANG_ENABLE_OBJC_ARC = YES;
				CLANG_ENABLE_OBJC_WEAK = YES;
				CLANG_WARN_BLOCK_CAPTURE_AUTORELEASING = YES;
				CLANG_WARN_BOOL_CONVERSION = YES;
				CLANG_WARN_COMMA = YES;
				CLANG_WARN_CONSTANT_CONVERSION = YES;
				CLANG_WARN_DEPRECATED_OBJC_IMPLEMENTATIONS = YES;
				CLANG_WARN_DIRECT_OBJC_ISA_USAGE = YES_ERROR;
				CLANG_WARN_DOCUMENTATION_COMMENTS = YES;
				CLANG_WARN_EMPTY_BODY = YES;
				CLANG_WARN_ENUM_CONVERSION = YES;
				CLANG_WARN_INFINITE_RECURSION = YES;
				CLANG_WARN_INT_CONVERSION = YES;
				CLANG_WARN_NON_LITERAL_NULL_CONVERSION = YES;
				CLANG_WARN_OBJC_IMPLICIT_RETAIN_SELF = YES;
				CLANG_WARN_OBJC_LITERAL_CONVERSION = YES;
				CLANG_WARN_OBJC_ROOT_CLASS = YES_ERROR;
				CLANG_WARN_QUOTED_INCLUDE_IN_FRAMEWORK_HEADER = YES;
				CLANG_WARN_RANGE_LOOP_ANALYSIS = YES;
				CLANG_WARN_STRICT_PROTOTYPES = YES;
				CLANG_WARN_SUSPICIOUS_MOVE = YES;
				CLANG_WARN_UNGUARDED_AVAILABILITY = YES_AGGRESSIVE;
				CLANG_WARN_UNREACHABLE_CODE = YES;
				CLANG_WARN__DUPLICATE_METHOD_MATCH = YES;
				COPY_PHASE_STRIP = NO;
				DEBUG_INFORMATION_FORMAT = "dwarf-with-dsym";
				ENABLE_NS_ASSERTIONS = NO;
				ENABLE_STRICT_OBJC_MSGSEND = YES;
				GCC_C_LANGUAGE_STANDARD = gnu11;
				GCC_NO_COMMON_BLOCKS = YES;
				GCC_WARN_64_TO_32_BIT_CONVERSION = YES;
				GCC_WARN_ABOUT_RETURN_TYPE = YES_ERROR;
				GCC_WARN_UNDECLARED_SELECTOR = YES;
				GCC_WARN_UNINITIALIZED_AUTOS = YES_AGGRESSIVE;
				GCC_WARN_UNUSED_FUNCTION = YES;
				GCC_WARN_UNUSED_VARIABLE = YES;
				IPHONEOS_DEPLOYMENT_TARGET = 15.5;
				MTL_ENABLE_DEBUG_INFO = NO;
				MTL_FAST_MATH = YES;
				SDKROOT = iphoneos;
				SWIFT_COMPILATION_MODE = wholemodule;
				SWIFT_OPTIMIZATION_LEVEL = "-O";
				VALIDATE_PRODUCT = YES;
			};
			name = Release;
		};
		F7BF8FFD28C9A0C00031A324 /* Debug */ = {
			isa = XCBuildConfiguration;
			buildSettings = {
				ASSETCATALOG_COMPILER_APPICON_NAME = AppIcon;
				ASSETCATALOG_COMPILER_GLOBAL_ACCENT_COLOR_NAME = AccentColor;
				CODE_SIGN_STYLE = Automatic;
				CURRENT_PROJECT_VERSION = 1;
				DEVELOPMENT_ASSET_PATHS = "\"Authentication/Preview Content\"";
				DEVELOPMENT_TEAM = 57HKMJJTFA;
				ENABLE_PREVIEWS = YES;
				GENERATE_INFOPLIST_FILE = YES;
				INFOPLIST_KEY_UIApplicationSceneManifest_Generation = YES;
				INFOPLIST_KEY_UIApplicationSupportsIndirectInputEvents = YES;
				INFOPLIST_KEY_UILaunchScreen_Generation = YES;
				INFOPLIST_KEY_UISupportedInterfaceOrientations_iPad = "UIInterfaceOrientationPortrait UIInterfaceOrientationPortraitUpsideDown UIInterfaceOrientationLandscapeLeft UIInterfaceOrientationLandscapeRight";
				INFOPLIST_KEY_UISupportedInterfaceOrientations_iPhone = "UIInterfaceOrientationPortrait UIInterfaceOrientationLandscapeLeft UIInterfaceOrientationLandscapeRight";
				LD_RUNPATH_SEARCH_PATHS = (
					"$(inherited)",
					"@executable_path/Frameworks",
				);
				MARKETING_VERSION = 1.0;
				PRODUCT_BUNDLE_IDENTIFIER = vietxanh.Authentication;
				PRODUCT_NAME = "$(TARGET_NAME)";
				SWIFT_EMIT_LOC_STRINGS = YES;
				SWIFT_VERSION = 5.0;
				TARGETED_DEVICE_FAMILY = "1,2";
			};
			name = Debug;
		};
		F7BF8FFE28C9A0C00031A324 /* Release */ = {
			isa = XCBuildConfiguration;
			buildSettings = {
				ASSETCATALOG_COMPILER_APPICON_NAME = AppIcon;
				ASSETCATALOG_COMPILER_GLOBAL_ACCENT_COLOR_NAME = AccentColor;
				CODE_SIGN_STYLE = Automatic;
				CURRENT_PROJECT_VERSION = 1;
				DEVELOPMENT_ASSET_PATHS = "\"Authentication/Preview Content\"";
				DEVELOPMENT_TEAM = 57HKMJJTFA;
				ENABLE_PREVIEWS = YES;
				GENERATE_INFOPLIST_FILE = YES;
				INFOPLIST_KEY_UIApplicationSceneManifest_Generation = YES;
				INFOPLIST_KEY_UIApplicationSupportsIndirectInputEvents = YES;
				INFOPLIST_KEY_UILaunchScreen_Generation = YES;
				INFOPLIST_KEY_UISupportedInterfaceOrientations_iPad = "UIInterfaceOrientationPortrait UIInterfaceOrientationPortraitUpsideDown UIInterfaceOrientationLandscapeLeft UIInterfaceOrientationLandscapeRight";
				INFOPLIST_KEY_UISupportedInterfaceOrientations_iPhone = "UIInterfaceOrientationPortrait UIInterfaceOrientationLandscapeLeft UIInterfaceOrientationLandscapeRight";
				LD_RUNPATH_SEARCH_PATHS = (
					"$(inherited)",
					"@executable_path/Frameworks",
				);
				MARKETING_VERSION = 1.0;
				PRODUCT_BUNDLE_IDENTIFIER = vietxanh.Authentication;
				PRODUCT_NAME = "$(TARGET_NAME)";
				SWIFT_EMIT_LOC_STRINGS = YES;
				SWIFT_VERSION = 5.0;
				TARGETED_DEVICE_FAMILY = "1,2";
			};
			name = Release;
		};
/* End XCBuildConfiguration section */

/* Begin XCConfigurationList section */
		F7BF8FE928C9A0BD0031A324 /* Build configuration list for PBXProject "Authentication" */ = {
			isa = XCConfigurationList;
			buildConfigurations = (
				F7BF8FFA28C9A0C00031A324 /* Debug */,
				F7BF8FFB28C9A0C00031A324 /* Release */,
			);
			defaultConfigurationIsVisible = 0;
			defaultConfigurationName = Release;
		};
		F7BF8FFC28C9A0C00031A324 /* Build configuration list for PBXNativeTarget "Authentication" */ = {
			isa = XCConfigurationList;
			buildConfigurations = (
				F7BF8FFD28C9A0C00031A324 /* Debug */,
				F7BF8FFE28C9A0C00031A324 /* Release */,
			);
			defaultConfigurationIsVisible = 0;
			defaultConfigurationName = Release;
		};
/* End XCConfigurationList section */

/* Begin XCRemoteSwiftPackageReference section */
		F7BF900128C9A8EF0031A324 /* XCRemoteSwiftPackageReference "firebase-ios-sdk" */ = {
			isa = XCRemoteSwiftPackageReference;
			repositoryURL = "https://github.com/firebase/firebase-ios-sdk";
			requirement = {
				kind = upToNextMajorVersion;
				minimumVersion = 9.0.0;
			};
		};
/* End XCRemoteSwiftPackageReference section */

/* Begin XCSwiftPackageProductDependency section */
		F7BF900228C9A8F00031A324 /* FirebaseAnalytics */ = {
			isa = XCSwiftPackageProductDependency;
			package = F7BF900128C9A8EF0031A324 /* XCRemoteSwiftPackageReference "firebase-ios-sdk" */;
			productName = FirebaseAnalytics;
		};
		F7BF900428C9A8F00031A324 /* FirebaseAuth */ = {
			isa = XCSwiftPackageProductDependency;
			package = F7BF900128C9A8EF0031A324 /* XCRemoteSwiftPackageReference "firebase-ios-sdk" */;
			productName = FirebaseAuth;
		};
		F7BF900628C9A8F00031A324 /* FirebaseDatabase */ = {
			isa = XCSwiftPackageProductDependency;
			package = F7BF900128C9A8EF0031A324 /* XCRemoteSwiftPackageReference "firebase-ios-sdk" */;
			productName = FirebaseDatabase;
		};
		F7BF900828C9A8F00031A324 /* FirebaseStorage */ = {
			isa = XCSwiftPackageProductDependency;
			package = F7BF900128C9A8EF0031A324 /* XCRemoteSwiftPackageReference "firebase-ios-sdk" */;
			productName = FirebaseStorage;
		};
/* End XCSwiftPackageProductDependency section */
	};
	rootObject = F7BF8FE628C9A0BD0031A324 /* Project object */;
}
